
Microsoft Visual Studio Solution File, Format Version 12.00
# Visual Studio Version 16
VisualStudioVersion = 16.0.29806.167
MinimumVisualStudioVersion = 10.0.40219.1
Project("{9A19103F-16F7-4668-BE54-9A1E7A4F7556}") = "BlazorSignalRApp.Server", "Server\BlazorSignalRApp.Server.csproj", "{0049D639-5B63-467F-B383-CDA9F65E0C52}"
EndProject
Project("{9A19103F-16F7-4668-BE54-9A1E7A4F7556}") = "BlazorSignalRApp.Shared", "Shared\BlazorSignalRApp.Shared.csproj", "{5BBA1B46-446F-410E-A555-7E702269CEDF}"
EndProject
Project("{9A19103F-16F7-4668-BE54-9A1E7A4F7556}") = "BlazorSignalRApp.Client", "Client\BlazorSignalRApp.Client.csproj", "{B842659C-9D8E-4BE1-BB7F-38599F6809ED}"
EndProject
Global
	GlobalSection(SolutionConfigurationPlatforms) = preSolution
		Debug|Any CPU = Debug|Any CPU
		Release|Any CPU = Release|Any CPU
	EndGlobalSection
	GlobalSection(ProjectConfigurationPlatforms) = postSolution
		{0049D639-5B63-467F-B383-CDA9F65E0C52}.Debug|Any CPU.ActiveCfg = Debug|Any CPU
		{0049D639-5B63-467F-B383-CDA9F65E0C52}.Debug|Any CPU.Build.0 = Debug|Any CPU
		{0049D639-5B63-467F-B383-CDA9F65E0C52}.Release|Any CPU.ActiveCfg = Release|Any CPU
		{0049D639-5B63-467F-B383-CDA9F65E0C52}.Release|Any CPU.Build.0 = Release|Any CPU
		{5BBA1B46-446F-410E-A555-7E702269CEDF}.Debug|Any CPU.ActiveCfg = Debug|Any CPU
		{5BBA1B46-446F-410E-A555-7E702269CEDF}.Debug|Any CPU.Build.0 = Debug|Any CPU
		{5BBA1B46-446F-410E-A555-7E702269CEDF}.Release|Any CPU.ActiveCfg = Release|Any CPU
		{5BBA1B46-446F-410E-A555-7E702269CEDF}.Release|Any CPU.Build.0 = Release|Any CPU
		{B842659C-9D8E-4BE1-BB7F-38599F6809ED}.Debug|Any CPU.ActiveCfg = Debug|Any CPU
		{B842659C-9D8E-4BE1-BB7F-38599F6809ED}.Debug|Any CPU.Build.0 = Debug|Any CPU
		{B842659C-9D8E-4BE1-BB7F-38599F6809ED}.Release|Any CPU.ActiveCfg = Release|Any CPU
		{B842659C-9D8E-4BE1-BB7F-38599F6809ED}.Release|Any CPU.Build.0 = Release|Any CPU
	EndGlobalSection
	GlobalSection(SolutionProperties) = preSolution
		HideSolutionNode = FALSE
	EndGlobalSection
	GlobalSection(ExtensibilityGlobals) = postSolution
		SolutionGuid = {F3972D97-A5B7-483B-A821-71299B0EEF8C}
	EndGlobalSection
EndGlobal
